<?xml version="1.0" encoding="utf-8"?>
<Project ToolsVersion="4.0" xmlns="http://schemas.microsoft.com/developer/msbuild/2003">
  <ItemGroup>
    <Filter Include="Source Files">
      <UniqueIdentifier>{4FC737F1-C7A5-4376-A066-2A32D752A2FF}</UniqueIdentifier>
      <Extensions>cpp;c;cc;cxx;def;odl;idl;hpj;bat;asm;asmx</Extensions>
    </Filter>
    <Filter Include="Header Files">
      <UniqueIdentifier>{93995380-89BD-4b04-88EB-625FBE52EBFB}</UniqueIdentifier>
      <Extensions>h;hh;hpp;hxx;hm;inl;inc;xsd</Extensions>
    </Filter>
    <Filter Include="Resource Files">
      <UniqueIdentifier>{67DA6AB6-F800-4c08-8B7A-83BB121AAD01}</UniqueIdentifier>
      <Extensions>rc;ico;cur;bmp;dlg;rc2;rct;bin;rgs;gif;jpg;jpeg;jpe;resx;tiff;tif;png;wav;mfcribbon-ms</Extensions>
    </Filter>
  </ItemGroup>
  <ItemGroup>
    <None Include="packages.config" />
    <None Include="README.md" />
  </ItemGroup>
  <ItemGroup>
    <ClCompile Include="src\third_party\ScalFMM\Utils\FLog.cpp">
      <Filter>Source Files</Filter>
    </ClCompile>
    <ClCompile Include="src\third_party\ScalFMM\Utils\FMemStats.cpp">
      <Filter>Source Files</Filter>
    </ClCompile>
    <ClCompile Include="src\third_party\ScalFMM\Utils\FSignalHandler.cpp">
      <Filter>Source Files</Filter>
    </ClCompile>
    <ClCompile Include="test\isosurface\test_rmt.cpp">
      <Filter>Source Files</Filter>
    </ClCompile>
    <ClCompile Include="test\kriging\test_empirical_semivariogram.cpp">
      <Filter>Source Files</Filter>
    </ClCompile>
    <ClCompile Include="test\polynomial\test_orthonormal_basis.cpp">
      <Filter>Source Files</Filter>
    </ClCompile>
    <ClCompile Include="test\polynomial\test_basis_base.cpp">
      <Filter>Source Files</Filter>
    </ClCompile>
    <ClCompile Include="test\polynomial\test_lagrange_basis.cpp">
      <Filter>Source Files</Filter>
    </ClCompile>
    <ClCompile Include="test\preconditioner\test_fine_grid.cpp">
      <Filter>Source Files</Filter>
    </ClCompile>
    <ClCompile Include="test\preconditioner\test_coarse_grid.cpp">
      <Filter>Source Files</Filter>
    </ClCompile>
    <ClCompile Include="src\third_party\ScalFMM\Utils\FAlgorithmTimers.cpp">
      <Filter>Source Files</Filter>
    </ClCompile>
    <ClCompile Include="test\preconditioner\test_domain_divider.cpp">
      <Filter>Source Files</Filter>
    </ClCompile>
    <ClCompile Include="test\point_cloud\test_plane_estimator.cpp">
      <Filter>Source Files</Filter>
    </ClCompile>
    <ClCompile Include="test\point_cloud\test_kdtree.cpp">
      <Filter>Source Files</Filter>
    </ClCompile>
    <ClCompile Include="test\common\test_bsearch.cpp">
      <Filter>Source Files</Filter>
    </ClCompile>
    <ClCompile Include="test\krylov\test_krylov.cpp">
      <Filter>Source Files</Filter>
    </ClCompile>
    <ClCompile Include="src\krylov\gmres_base.cpp">
      <Filter>Source Files</Filter>
    </ClCompile>
    <ClCompile Include="test\interpolation\test_rbf_direct_solver.cpp">
      <Filter>Source Files</Filter>
    </ClCompile>
    <ClCompile Include="test\interpolation\test_rbf_evaluator.cpp">
      <Filter>Source Files</Filter>
    </ClCompile>
    <ClCompile Include="test\interpolation\test_rbf_symmetric_evaluator.cpp">
      <Filter>Source Files</Filter>
    </ClCompile>
    <ClCompile Include="test\rbf\test_rbf.cpp">
      <Filter>Source Files</Filter>
    </ClCompile>
    <ClCompile Include="test\common\test_uncertain.cpp">
      <Filter>Source Files</Filter>
    </ClCompile>
    <ClCompile Include="test\common\test_likely.cpp">
      <Filter>Source Files</Filter>
    </ClCompile>
    <ClCompile Include="src\stdafx.cpp">
      <Filter>Source Files</Filter>
    </ClCompile>
    <ClCompile Include="src\point_cloud\kdtree.cpp">
      <Filter>Source Files</Filter>
    </ClCompile>
    <ClCompile Include="test\common\test_zip_sort.cpp">
      <Filter>Source Files</Filter>
    </ClCompile>
    <ClCompile Include="examples\kriging_prediction.cpp">
      <Filter>Source Files</Filter>
    </ClCompile>
    <ClCompile Include="examples\kriging_variogram.cpp">
      <Filter>Source Files</Filter>
    </ClCompile>
    <ClCompile Include="test\numeric\test_sum_accumulator.cpp">
      <Filter>Source Files</Filter>
    </ClCompile>
    <ClCompile Include="test\interpolation\test_rbf_operator.cpp">
      <Filter>Source Files</Filter>
    </ClCompile>
    <ClCompile Include="examples\point_cloud.cpp">
      <Filter>Source Files</Filter>
    </ClCompile>
    <ClCompile Include="test\interpolation\test_rbf_incremental_fitter.cpp">
      <Filter>Source Files</Filter>
    </ClCompile>
    <ClCompile Include="test\interpolation\test_rbf_fitter.cpp">
      <Filter>Source Files</Filter>
    </ClCompile>
    <ClCompile Include="src\lib_win64.cpp">
      <Filter>Source Files</Filter>
    </ClCompile>
    <ClCompile Include="src\krylov\gmres.cpp">
      <Filter>Source Files</Filter>
    </ClCompile>
    <ClCompile Include="src\krylov\fgmres.cpp">
      <Filter>Source Files</Filter>
    </ClCompile>
    <ClCompile Include="src\krylov\minres.cpp">
      <Filter>Source Files</Filter>
    </ClCompile>
    <ClCompile Include="src\point_cloud\scattered_data_generator.cpp">
      <Filter>Source Files</Filter>
    </ClCompile>
    <ClCompile Include="test\point_cloud\test_distance_filter.cpp">
      <Filter>Source Files</Filter>
    </ClCompile>
    <ClCompile Include="test\geometry\test_affine_transform.cpp">
      <Filter>Source Files</Filter>
    </ClCompile>
  </ItemGroup>
  <ItemGroup>
    <ClInclude Include="include\fmm\fmm_evaluator.hpp">
      <Filter>Header Files</Filter>
    </ClInclude>
    <ClInclude Include="include\fmm\fmm_operator.hpp">
      <Filter>Header Files</Filter>
    </ClInclude>
    <ClInclude Include="include\fmm.hpp">
      <Filter>Header Files</Filter>
    </ClInclude>
    <ClInclude Include="include\distribution_generator\uniform_distribution.hpp">
      <Filter>Header Files</Filter>
    </ClInclude>
    <ClInclude Include="include\distribution_generator\spherical_distribution.hpp">
      <Filter>Header Files</Filter>
    </ClInclude>
    <ClInclude Include="include\isosurface\bit.hpp">
      <Filter>Header Files</Filter>
    </ClInclude>
    <ClInclude Include="include\isosurface\mesh_defects_finder.hpp">
      <Filter>Header Files</Filter>
    </ClInclude>
    <ClInclude Include="include\isosurface\types.hpp">
      <Filter>Header Files</Filter>
    </ClInclude>
    <ClInclude Include="include\isosurface\isosurface.hpp">
      <Filter>Header Files</Filter>
    </ClInclude>
    <ClInclude Include="include\isosurface\rmt_surface.hpp">
      <Filter>Header Files</Filter>
    </ClInclude>
    <ClInclude Include="include\kriging\cross_validation.hpp">
      <Filter>Header Files</Filter>
    </ClInclude>
    <ClInclude Include="include\kriging\empirical_variogram.hpp">
      <Filter>Header Files</Filter>
    </ClInclude>
    <ClInclude Include="include\polynomial\lagrange_basis.hpp">
      <Filter>Header Files</Filter>
    </ClInclude>
    <ClInclude Include="include\polynomial\monomial_basis.hpp">
      <Filter>Header Files</Filter>
    </ClInclude>
    <ClInclude Include="include\polynomial\polynomial_evaluator.hpp">
      <Filter>Header Files</Filter>
    </ClInclude>
    <ClInclude Include="include\polynomial.hpp">
      <Filter>Header Files</Filter>
    </ClInclude>
    <ClInclude Include="include\isosurface\rbf_field_function.hpp">
      <Filter>Header Files</Filter>
    </ClInclude>
    <ClInclude Include="include\isosurface\field_function.hpp">
      <Filter>Header Files</Filter>
    </ClInclude>
    <ClInclude Include="include\isosurface\export_obj.hpp">
      <Filter>Header Files</Filter>
    </ClInclude>
    <ClInclude Include="include\common\likely.hpp">
      <Filter>Header Files</Filter>
    </ClInclude>
    <ClInclude Include="include\common\array.hpp">
      <Filter>Header Files</Filter>
    </ClInclude>
    <ClInclude Include="include\common\uncertain.hpp">
      <Filter>Header Files</Filter>
    </ClInclude>
    <ClInclude Include="include\geometry\bbox3.hpp">
      <Filter>Header Files</Filter>
    </ClInclude>
    <ClInclude Include="include\polynomial\orthonormal_basis.hpp">
      <Filter>Header Files</Filter>
    </ClInclude>
    <ClInclude Include="include\preconditioner\ras_preconditioner.hpp">
      <Filter>Header Files</Filter>
    </ClInclude>
    <ClInclude Include="include\polynomial\basis_base.hpp">
      <Filter>Header Files</Filter>
    </ClInclude>
    <ClInclude Include="include\preconditioner\fine_grid.hpp">
      <Filter>Header Files</Filter>
    </ClInclude>
    <ClInclude Include="include\preconditioner\coarse_grid.hpp">
      <Filter>Header Files</Filter>
    </ClInclude>
    <ClInclude Include="include\preconditioner\domain_divider.hpp">
      <Filter>Header Files</Filter>
    </ClInclude>
    <ClInclude Include="include\common\vector_view.hpp">
      <Filter>Header Files</Filter>
    </ClInclude>
    <ClInclude Include="include\common\vector_range_view.hpp">
      <Filter>Header Files</Filter>
    </ClInclude>
    <ClInclude Include="include\point_cloud\plane_estimator.hpp">
      <Filter>Header Files</Filter>
    </ClInclude>
    <ClInclude Include="include\point_cloud\kdtree.hpp">
      <Filter>Header Files</Filter>
    </ClInclude>
    <ClInclude Include="include\isosurface\rmt_node.hpp">
      <Filter>Header Files</Filter>
    </ClInclude>
    <ClInclude Include="include\isosurface\rmt_node_list.hpp">
      <Filter>Header Files</Filter>
    </ClInclude>
    <ClInclude Include="include\isosurface\rmt_lattice.hpp">
      <Filter>Header Files</Filter>
    </ClInclude>
    <ClInclude Include="include\isosurface\rmt_primitive_lattice.hpp">
      <Filter>Header Files</Filter>
    </ClInclude>
    <ClInclude Include="include\common\bsearch.hpp">
      <Filter>Header Files</Filter>
    </ClInclude>
    <ClInclude Include="include\common\utility.hpp">
      <Filter>Header Files</Filter>
    </ClInclude>
    <ClInclude Include="include\krylov\fgmres.hpp">
      <Filter>Header Files</Filter>
    </ClInclude>
    <ClInclude Include="include\krylov\gmres.hpp">
      <Filter>Header Files</Filter>
    </ClInclude>
    <ClInclude Include="include\krylov\gmres_base.hpp">
      <Filter>Header Files</Filter>
    </ClInclude>
    <ClInclude Include="include\krylov\identity_operator.hpp">
      <Filter>Header Files</Filter>
    </ClInclude>
    <ClInclude Include="include\krylov\linear_operator.hpp">
      <Filter>Header Files</Filter>
    </ClInclude>
    <ClInclude Include="include\krylov\minres.hpp">
      <Filter>Header Files</Filter>
    </ClInclude>
    <ClInclude Include="include\krylov.hpp">
      <Filter>Header Files</Filter>
    </ClInclude>
    <ClInclude Include="include\interpolation\polynomial_matrix.hpp">
      <Filter>Header Files</Filter>
    </ClInclude>
    <ClInclude Include="include\interpolation\rbf_direct_evaluator.hpp">
      <Filter>Header Files</Filter>
    </ClInclude>
    <ClInclude Include="include\interpolation\rbf_direct_solver.hpp">
      <Filter>Header Files</Filter>
    </ClInclude>
    <ClInclude Include="include\interpolation\rbf_direct_symmetric_evaluator.hpp">
      <Filter>Header Files</Filter>
    </ClInclude>
    <ClInclude Include="include\interpolation\rbf_evaluator.hpp">
      <Filter>Header Files</Filter>
    </ClInclude>
    <ClInclude Include="include\interpolation\rbf_operator.hpp">
      <Filter>Header Files</Filter>
    </ClInclude>
    <ClInclude Include="include\interpolation\rbf_residual_evaluator.hpp">
      <Filter>Header Files</Filter>
    </ClInclude>
    <ClInclude Include="include\interpolation\rbf_solver.hpp">
      <Filter>Header Files</Filter>
    </ClInclude>
    <ClInclude Include="include\interpolation\rbf_symmetric_evaluator.hpp">
      <Filter>Header Files</Filter>
    </ClInclude>
    <ClInclude Include="include\interpolation.hpp">
      <Filter>Header Files</Filter>
    </ClInclude>
    <ClInclude Include="include\rbf\exponential_variogram.hpp">
      <Filter>Header Files</Filter>
    </ClInclude>
    <ClInclude Include="include\rbf\linear_variogram.hpp">
      <Filter>Header Files</Filter>
    </ClInclude>
    <ClInclude Include="include\rbf\rbf_base.hpp">
      <Filter>Header Files</Filter>
    </ClInclude>
    <ClInclude Include="include\rbf\spherical_variogram.hpp">
      <Filter>Header Files</Filter>
    </ClInclude>
    <ClInclude Include="include\common\exception.hpp">
      <Filter>Header Files</Filter>
    </ClInclude>
    <ClInclude Include="include\stdafx.h">
      <Filter>Header Files</Filter>
    </ClInclude>
    <ClInclude Include="include\point_cloud\distance_filter.hpp">
      <Filter>Header Files</Filter>
    </ClInclude>
    <ClInclude Include="include\fmm\tree_height.hpp">
      <Filter>Header Files</Filter>
    </ClInclude>
    <ClInclude Include="include\common\zip_sort.hpp">
      <Filter>Header Files</Filter>
    </ClInclude>
    <ClInclude Include="include\numeric\sum_accumulator.hpp">
      <Filter>Header Files</Filter>
    </ClInclude>
    <ClInclude Include="include\rbf\gaussian.hpp">
      <Filter>Header Files</Filter>
    </ClInclude>
    <ClInclude Include="include\rbf\variogram.hpp">
      <Filter>Header Files</Filter>
    </ClInclude>
    <ClInclude Include="include\point_cloud\scattered_data_generator.hpp">
      <Filter>Header Files</Filter>
    </ClInclude>
    <ClInclude Include="include\interpolation\rbf_incremental_fitter.hpp">
      <Filter>Header Files</Filter>
    </ClInclude>
    <ClInclude Include="include\interpolation\rbf_fitter.hpp">
      <Filter>Header Files</Filter>
    </ClInclude>
    <ClInclude Include="include\kriging\variogram_fitting.hpp">
      <Filter>Header Files</Filter>
    </ClInclude>
    <ClInclude Include="examples\read_table.hpp">
      <Filter>Header Files</Filter>
    </ClInclude>
    <ClInclude Include="include\driver\interpolant.hpp">
      <Filter>Header Files</Filter>
    </ClInclude>
    <ClInclude Include="include\geometry\affine_transform.hpp">
      <Filter>Header Files</Filter>
    </ClInclude>
    <ClInclude Include="include\pi.hpp">
      <Filter>Header Files</Filter>
    </ClInclude>
  </ItemGroup>
</Project>